
Microsoft Visual Studio Solution File, Format Version 12.00
# Visual Studio Version 17
VisualStudioVersion = 17.11.35219.272
MinimumVisualStudioVersion = 10.0.40219.1
Project("{FAE04EC0-301F-11D3-BF4B-00C04F79EFBC}") = "gihub test", "gihub test\gihub test.csproj", "{0EB76444-C089-47E1-A7DF-216B7966DAA7}"
EndProject
Global
	GlobalSection(SolutionConfigurationPlatforms) = preSolution
		Debug|Any CPU = Debug|Any CPU
		Release|Any CPU = Release|Any CPU
	EndGlobalSection
	GlobalSection(ProjectConfigurationPlatforms) = postSolution
		{0EB76444-C089-47E1-A7DF-216B7966DAA7}.Debug|Any CPU.ActiveCfg = Debug|Any CPU
		{0EB76444-C089-47E1-A7DF-216B7966DAA7}.Debug|Any CPU.Build.0 = Debug|Any CPU
		{0EB76444-C089-47E1-A7DF-216B7966DAA7}.Release|Any CPU.ActiveCfg = Release|Any CPU
		{0EB76444-C089-47E1-A7DF-216B7966DAA7}.Release|Any CPU.Build.0 = Release|Any CPU
	EndGlobalSection
	GlobalSection(SolutionProperties) = preSolution
		HideSolutionNode = FALSE
	EndGlobalSection
	GlobalSection(ExtensibilityGlobals) = postSolution
		SolutionGuid = {1294094A-33F3-4F3E-8101-22608A3BB8ED}
	EndGlobalSection
EndGlobal
